PODS:
  - Alamofire (5.4.4)
  - PromiseKit (6.15.3):
    - PromiseKit/CorePromise (= 6.15.3)
    - PromiseKit/Foundation (= 6.15.3)
    - PromiseKit/UIKit (= 6.15.3)
  - PromiseKit/CorePromise (6.15.3)
  - PromiseKit/Foundation (6.15.3):
    - PromiseKit/CorePromise
  - PromiseKit/UIKit (6.15.3):
    - PromiseKit/CorePromise
  - Realm (10.17.0):
    - Realm/Headers (= 10.17.0)
  - Realm/Headers (10.17.0)
  - RealmSwift (10.17.0):
    - Realm (= 10.17.0)
  - SwiftSpinner (2.2.0)
  - SwiftyJSON (5.0.1)

DEPENDENCIES:
  - Alamofire
  - PromiseKit
  - RealmSwift
  - SwiftSpinner
  - SwiftyJSON

SPEC REPOS:
  trunk:
    - Alamofire
    - PromiseKit
    - Realm
    - RealmSwift
    - SwiftSpinner
    - SwiftyJSON

SPEC CHECKSUMS:
  Alamofire: f3b09a368f1582ab751b3fff5460276e0d2cf5c9
  PromiseKit: 3b2b6995e51a954c46dbc550ce3da44fbfb563c5
  Realm: 9533276bd76f66aa2fd0d3ffe700c1f6023dcab6
  RealmSwift: 57f5d59aa29852587aad1e861989e7af139894b5
  SwiftSpinner: f9b59477fe107427f2b5b835497d6636fa167ede
  SwiftyJSON: 2f33a42c6fbc52764d96f13368585094bfd8aa5e

PODFILE CHECKSUM: c3aadcc8d82d5e08caaebd1f8e9f74539a1bb730

COCOAPODS: 1.11.2
